
Microsoft Visual Studio Solution File, Format Version 12.00
# Visual Studio Version 17
VisualStudioVersion = 17.6.33723.286
MinimumVisualStudioVersion = 10.0.40219.1
Project("{F2A71F9B-5D33-465A-A702-920D77279786}") = "langflow_api", "langflow_api\langflow_api.fsproj", "{38B0D840-D7FE-4EE0-8277-BFDAC2E35EE0}"
EndProject
Global
	GlobalSection(SolutionConfigurationPlatforms) = preSolution
		Debug|Any CPU = Debug|Any CPU
		Release|Any CPU = Release|Any CPU
	EndGlobalSection
	GlobalSection(ProjectConfigurationPlatforms) = postSolution
		{38B0D840-D7FE-4EE0-8277-BFDAC2E35EE0}.Debug|Any CPU.ActiveCfg = Debug|Any CPU
		{38B0D840-D7FE-4EE0-8277-BFDAC2E35EE0}.Debug|Any CPU.Build.0 = Debug|Any CPU
		{38B0D840-D7FE-4EE0-8277-BFDAC2E35EE0}.Release|Any CPU.ActiveCfg = Release|Any CPU
		{38B0D840-D7FE-4EE0-8277-BFDAC2E35EE0}.Release|Any CPU.Build.0 = Release|Any CPU
	EndGlobalSection
	GlobalSection(SolutionProperties) = preSolution
		HideSolutionNode = FALSE
	EndGlobalSection
	GlobalSection(ExtensibilityGlobals) = postSolution
		SolutionGuid = {92D0BC5A-155C-4408-BB4F-4C5B57E9D605}
	EndGlobalSection
EndGlobal
